
Microsoft Visual Studio Solution File, Format Version 12.00
# Visual Studio Version 17
VisualStudioVersion = 17.2.32616.157
MinimumVisualStudioVersion = 10.0.40219.1
Project("{FAE04EC0-301F-11D3-BF4B-00C04F79EFBC}") = "Deliverable1", "Deliverable1\Deliverable1.csproj", "{9530B675-E5B1-4E2E-8427-CFAC1540B79A}"
EndProject
Global
	GlobalSection(SolutionConfigurationPlatforms) = preSolution
		Debug|Any CPU = Debug|Any CPU
		Release|Any CPU = Release|Any CPU
	EndGlobalSection
	GlobalSection(ProjectConfigurationPlatforms) = postSolution
		{9530B675-E5B1-4E2E-8427-CFAC1540B79A}.Debug|Any CPU.ActiveCfg = Debug|Any CPU
		{9530B675-E5B1-4E2E-8427-CFAC1540B79A}.Debug|Any CPU.Build.0 = Debug|Any CPU
		{9530B675-E5B1-4E2E-8427-CFAC1540B79A}.Release|Any CPU.ActiveCfg = Release|Any CPU
		{9530B675-E5B1-4E2E-8427-CFAC1540B79A}.Release|Any CPU.Build.0 = Release|Any CPU
	EndGlobalSection
	GlobalSection(SolutionProperties) = preSolution
		HideSolutionNode = FALSE
	EndGlobalSection
	GlobalSection(ExtensibilityGlobals) = postSolution
		SolutionGuid = {E4B411F1-B251-4018-BC7E-F72CBF649137}
	EndGlobalSection
EndGlobal
